
Microsoft Visual Studio Solution File, Format Version 12.00
# Visual Studio Version 17
VisualStudioVersion = 17.2.32630.192
MinimumVisualStudioVersion = 10.0.40219.1
Project("{FAE04EC0-301F-11D3-BF4B-00C04F79EFBC}") = "NUI-Installer", "NUI-Installer\NUI-Installer.csproj", "{C8607079-E25E-4BEC-B58B-6B6D6B85E600}"
EndProject
Global
	GlobalSection(SolutionConfigurationPlatforms) = preSolution
		Debug|Any CPU = Debug|Any CPU
		Release|Any CPU = Release|Any CPU
	EndGlobalSection
	GlobalSection(ProjectConfigurationPlatforms) = postSolution
		{C8607079-E25E-4BEC-B58B-6B6D6B85E600}.Debug|Any CPU.ActiveCfg = Debug|Any CPU
		{C8607079-E25E-4BEC-B58B-6B6D6B85E600}.Debug|Any CPU.Build.0 = Debug|Any CPU
		{C8607079-E25E-4BEC-B58B-6B6D6B85E600}.Release|Any CPU.ActiveCfg = Release|Any CPU
		{C8607079-E25E-4BEC-B58B-6B6D6B85E600}.Release|Any CPU.Build.0 = Release|Any CPU
	EndGlobalSection
	GlobalSection(SolutionProperties) = preSolution
		HideSolutionNode = FALSE
	EndGlobalSection
	GlobalSection(ExtensibilityGlobals) = postSolution
		SolutionGuid = {3F1D6E4B-A36E-4FE5-BB80-404CE1C4EF22}
	EndGlobalSection
EndGlobal
